// !$*UTF8*$!
{
	archiveVersion = 1;
	classes = {
	};
	objectVersion = 46;
	objects = {

/* Begin PBXBuildFile section */
		848AC0AB1AF0F9A900A215AB /* AppDelegate.swift in Sources */ = {isa = PBXBuildFile; fileRef = 848AC0AA1AF0F9A900A215AB /* AppDelegate.swift */; };
		848AC0AD1AF0F9A900A215AB /* ViewController.swift in Sources */ = {isa = PBXBuildFile; fileRef = 848AC0AC1AF0F9A900A215AB /* ViewController.swift */; };
		848AC0B01AF0F9A900A215AB /* Main.storyboard in Resources */ = {isa = PBXBuildFile; fileRef = 848AC0AE1AF0F9A900A215AB /* Main.storyboard */; };
		848AC0B21AF0F9A900A215AB /* Images.xcassets in Resources */ = {isa = PBXBuildFile; fileRef = 848AC0B11AF0F9A900A215AB /* Images.xcassets */; };
		848AC0B51AF0F9A900A215AB /* LaunchScreen.xib in Resources */ = {isa = PBXBuildFile; fileRef = 848AC0B31AF0F9A900A215AB /* LaunchScreen.xib */; };
		848AC0C11AF0F9A900A215AB /* ProductPurchaseAppSwiftTests.swift in Sources */ = {isa = PBXBuildFile; fileRef = 848AC0C01AF0F9A900A215AB /* ProductPurchaseAppSwiftTests.swift */; };
/* End PBXBuildFile section */

/* Begin PBXContainerItemProxy section */
		848AC0BB1AF0F9A900A215AB /* PBXContainerItemProxy */ = {
			isa = PBXContainerItemProxy;
			containerPortal = 848AC09D1AF0F9A900A215AB /* Project object */;
			proxyType = 1;
			remoteGlobalIDString = 848AC0A41AF0F9A900A215AB;
			remoteInfo = ProductPurchaseAppSwift;
		};
/* End PBXContainerItemProxy section */

/* Begin PBXFileReference section */
		848AC0A51AF0F9A900A215AB /* ProductPurchaseAppSwift.app */ = {isa = PBXFileReference; explicitFileType = wrapper.application; includeInIndex = 0; path = ProductPurchaseAppSwift.app; sourceTree = BUILT_PRODUCTS_DIR; };
		848AC0A91AF0F9A900A215AB /* Info.plist */ = {isa = PBXFileReference; lastKnownFileType = text.plist.xml; path = Info.plist; sourceTree = "<group>"; };
		848AC0AA1AF0F9A900A215AB /* AppDelegate.swift */ = {isa = PBXFileReference; lastKnownFileType = sourcecode.swift; path = AppDelegate.swift; sourceTree = "<group>"; };
		848AC0AC1AF0F9A900A215AB /* ViewController.swift */ = {isa = PBXFileReference; lastKnownFileType = sourcecode.swift; path = ViewController.swift; sourceTree = "<group>"; };
		848AC0AF1AF0F9A900A215AB /* Base */ = {isa = PBXFileReference; lastKnownFileType = file.storyboard; name = Base; path = Base.lproj/Main.storyboard; sourceTree = "<group>"; };
		848AC0B11AF0F9A900A215AB /* Images.xcassets */ = {isa = PBXFileReference; lastKnownFileType = folder.assetcatalog; path = Images.xcassets; sourceTree = "<group>"; };
		848AC0B41AF0F9A900A215AB /* Base */ = {isa = PBXFileReference; lastKnownFileType = file.xib; name = Base; path = Base.lproj/LaunchScreen.xib; sourceTree = "<group>"; };
		848AC0BA1AF0F9A900A215AB /* ProductPurchaseAppSwiftTests.xctest */ = {isa = PBXFileReference; explicitFileType = wrapper.cfbundle; includeInIndex = 0; path = ProductPurchaseAppSwiftTests.xctest; sourceTree = BUILT_PRODUCTS_DIR; };
		848AC0BF1AF0F9A900A215AB /* Info.plist */ = {isa = PBXFileReference; lastKnownFileType = text.plist.xml; path = Info.plist; sourceTree = "<group>"; };
		848AC0C01AF0F9A900A215AB /* ProductPurchaseAppSwiftTests.swift */ = {isa = PBXFileReference; lastKnownFileType = sourcecode.swift; path = ProductPurchaseAppSwiftTests.swift; sourceTree = "<group>"; };
/* End PBXFileReference section */

/* Begin PBXFrameworksBuildPhase section */
		848AC0A21AF0F9A900A215AB /* Frameworks */ = {
			isa = PBXFrameworksBuildPhase;
			buildActionMask = 2147483647;
			files = (
			);
			runOnlyForDeploymentPostprocessing = 0;
		};
		848AC0B71AF0F9A900A215AB /* Frameworks */ = {
			isa = PBXFrameworksBuildPhase;
			buildActionMask = 2147483647;
			files = (
			);
			runOnlyForDeploymentPostprocessing = 0;
		};
/* End PBXFrameworksBuildPhase section */

/* Begin PBXGroup section */
		848AC09C1AF0F9A900A215AB = {
			isa = PBXGroup;
			children = (
				848AC0A71AF0F9A900A215AB /* ProductPurchaseAppSwift */,
				848AC0BD1AF0F9A900A215AB /* ProductPurchaseAppSwiftTests */,
				848AC0A61AF0F9A900A215AB /* Products */,
			);
			sourceTree = "<group>";
		};
		848AC0A61AF0F9A900A215AB /* Products */ = {
			isa = PBXGroup;
			children = (
				848AC0A51AF0F9A900A215AB /* ProductPurchaseAppSwift.app */,
				848AC0BA1AF0F9A900A215AB /* ProductPurchaseAppSwiftTests.xctest */,
			);
			name = Products;
			sourceTree = "<group>";
		};
		848AC0A71AF0F9A900A215AB /* ProductPurchaseAppSwift */ = {
			isa = PBXGroup;
			children = (
				848AC0AA1AF0F9A900A215AB /* AppDelegate.swift */,
				848AC0AC1AF0F9A900A215AB /* ViewController.swift */,
				848AC0AE1AF0F9A900A215AB /* Main.storyboard */,
				848AC0B11AF0F9A900A215AB /* Images.xcassets */,
				848AC0B31AF0F9A900A215AB /* LaunchScreen.xib */,
				848AC0A81AF0F9A900A215AB /* Supporting Files */,
			);
			path = ProductPurchaseAppSwift;
			sourceTree = "<group>";
		};
		848AC0A81AF0F9A900A215AB /* Supporting Files */ = {
			isa = PBXGroup;
			children = (
				848AC0A91AF0F9A900A215AB /* Info.plist */,
			);
			name = "Supporting Files";
			sourceTree = "<group>";
		};
		848AC0BD1AF0F9A900A215AB /* ProductPurchaseAppSwiftTests */ = {
			isa = PBXGroup;
			children = (
				848AC0C01AF0F9A900A215AB /* ProductPurchaseAppSwiftTests.swift */,
				848AC0BE1AF0F9A900A215AB /* Supporting Files */,
			);
			path = ProductPurchaseAppSwiftTests;
			sourceTree = "<group>";
		};
		848AC0BE1AF0F9A900A215AB /* Supporting Files */ = {
			isa = PBXGroup;
			children = (
				848AC0BF1AF0F9A900A215AB /* Info.plist */,
			);
			name = "Supporting Files";
			sourceTree = "<group>";
		};
/* End PBXGroup section */

/* Begin PBXNativeTarget section */
		848AC0A41AF0F9A900A215AB /* ProductPurchaseAppSwift */ = {
			isa = PBXNativeTarget;
			buildConfigurationList = 848AC0C41AF0F9A900A215AB /* Build configuration list for PBXNativeTarget "ProductPurchaseAppSwift" */;
			buildPhases = (
				848AC0A11AF0F9A900A215AB /* Sources */,
				848AC0A21AF0F9A900A215AB /* Frameworks */,
				848AC0A31AF0F9A900A215AB /* Resources */,
			);
			buildRules = (
			);
			dependencies = (
			);
			name = ProductPurchaseAppSwift;
			productName = ProductPurchaseAppSwift;
			productReference = 848AC0A51AF0F9A900A215AB /* ProductPurchaseAppSwift.app */;
			productType = "com.apple.product-type.application";
		};
		848AC0B91AF0F9A900A215AB /* ProductPurchaseAppSwiftTests */ = {
			isa = PBXNativeTarget;
			buildConfigurationList = 848AC0C71AF0F9A900A215AB /* Build configuration list for PBXNativeTarget "ProductPurchaseAppSwiftTests" */;
			buildPhases = (
				848AC0B61AF0F9A900A215AB /* Sources */,
				848AC0B71AF0F9A900A215AB /* Frameworks */,
				848AC0B81AF0F9A900A215AB /* Resources */,
			);
			buildRules = (
			);
			dependencies = (
				848AC0BC1AF0F9A900A215AB /* PBXTargetDependency */,
			);
			name = ProductPurchaseAppSwiftTests;
			productName = ProductPurchaseAppSwiftTests;
			productReference = 848AC0BA1AF0F9A900A215AB /* ProductPurchaseAppSwiftTests.xctest */;
			productType = "com.apple.product-type.bundle.unit-test";
		};
/* End PBXNativeTarget section */

/* Begin PBXProject section */
		848AC09D1AF0F9A900A215AB /* Project object */ = {
			isa = PBXProject;
			attributes = {
				LastUpgradeCheck = 0610;
				ORGANIZATIONNAME = IphoneGameZone;
				TargetAttributes = {
					848AC0A41AF0F9A900A215AB = {
						CreatedOnToolsVersion = 6.1;
					};
					848AC0B91AF0F9A900A215AB = {
						CreatedOnToolsVersion = 6.1;
						TestTargetID = 848AC0A41AF0F9A900A215AB;
					};
				};
			};
			buildConfigurationList = 848AC0A01AF0F9A900A215AB /* Build configuration list for PBXProject "ProductPurchaseAppSwift" */;
			compatibilityVersion = "Xcode 3.2";
			developmentRegion = English;
			hasScannedForEncodings = 0;
			knownRegions = (
				en,
				Base,
			);
			mainGroup = 848AC09C1AF0F9A900A215AB;
			productRefGroup = 848AC0A61AF0F9A900A215AB /* Products */;
			projectDirPath = "";
			projectRoot = "";
			targets = (
				848AC0A41AF0F9A900A215AB /* ProductPurchaseAppSwift */,
				848AC0B91AF0F9A900A215AB /* ProductPurchaseAppSwiftTests */,
			);
		};
/* End PBXProject section */

/* Begin PBXResourcesBuildPhase section */
		848AC0A31AF0F9A900A215AB /* Resources */ = {
			isa = PBXResourcesBuildPhase;
			buildActionMask = 2147483647;
			files = (
				848AC0B01AF0F9A900A215AB /* Main.storyboard in Resources */,
				848AC0B51AF0F9A900A215AB /* LaunchScreen.xib in Resources */,
				848AC0B21AF0F9A900A215AB /* Images.xcassets in Resources */,
			);
			runOnlyForDeploymentPostprocessing = 0;
		};
		848AC0B81AF0F9A900A215AB /* Resources */ = {
			isa = PBXResourcesBuildPhase;
			buildActionMask = 2147483647;
			files = (
			);
			runOnlyForDeploymentPostprocessing = 0;
		};
/* End PBXResourcesBuildPhase section */

/* Begin PBXSourcesBuildPhase section */
		848AC0A11AF0F9A900A215AB /* Sources */ = {
			isa = PBXSourcesBuildPhase;
			buildActionMask = 2147483647;
			files = (
				848AC0AD1AF0F9A900A215AB /* ViewController.swift in Sources */,
				848AC0AB1AF0F9A900A215AB /* AppDelegate.swift in Sources */,
			);
			runOnlyForDeploymentPostprocessing = 0;
		};
		848AC0B61AF0F9A900A215AB /* Sources */ = {
			isa = PBXSourcesBuildPhase;
			buildActionMask = 2147483647;
			files = (
				848AC0C11AF0F9A900A215AB /* ProductPurchaseAppSwiftTests.swift in Sources */,
			);
			runOnlyForDeploymentPostprocessing = 0;
		};
/* End PBXSourcesBuildPhase section */

/* Begin PBXTargetDependency section */
		848AC0BC1AF0F9A900A215AB /* PBXTargetDependency */ = {
			isa = PBXTargetDependency;
			target = 848AC0A41AF0F9A900A215AB /* ProductPurchaseAppSwift */;
			targetProxy = 848AC0BB1AF0F9A900A215AB /* PBXContainerItemProxy */;
		};
/* End PBXTargetDependency section */

/* Begin PBXVariantGroup section */
		848AC0AE1AF0F9A900A215AB /* Main.storyboard */ = {
			isa = PBXVariantGroup;
			children = (
				848AC0AF1AF0F9A900A215AB /* Base */,
			);
			name = Main.storyboard;
			sourceTree = "<group>";
		};
		848AC0B31AF0F9A900A215AB /* LaunchScreen.xib */ = {
			isa = PBXVariantGroup;
			children = (
				848AC0B41AF0F9A900A215AB /* Base */,
			);
			name = LaunchScreen.xib;
			sourceTree = "<group>";
		};
/* End PBXVariantGroup section */

/* Begin XCBuildConfiguration section */
		848AC0C21AF0F9A900A215AB /* Debug */ = {
			isa = XCBuildConfiguration;
			buildSettings = {
				ALWAYS_SEARCH_USER_PATHS = NO;
				CLANG_CXX_LANGUAGE_STANDARD = "gnu++0x";
				CLANG_CXX_LIBRARY = "libc++";
				CLANG_ENABLE_MODULES = YES;
				CLANG_ENABLE_OBJC_ARC = YES;
				CLANG_WARN_BOOL_CONVERSION = YES;
				CLANG_WARN_CONSTANT_CONVERSION = YES;
				CLANG_WARN_DIRECT_OBJC_ISA_USAGE = YES_ERROR;
				CLANG_WARN_EMPTY_BODY = YES;
				CLANG_WARN_ENUM_CONVERSION = YES;
				CLANG_WARN_INT_CONVERSION = YES;
				CLANG_WARN_OBJC_ROOT_CLASS = YES_ERROR;
				CLANG_WARN_UNREACHABLE_CODE = YES;
				CLANG_WARN__DUPLICATE_METHOD_MATCH = YES;
				"CODE_SIGN_IDENTITY[sdk=iphoneos*]" = "iPhone Developer";
				COPY_PHASE_STRIP = NO;
				ENABLE_STRICT_OBJC_MSGSEND = YES;
				GCC_C_LANGUAGE_STANDARD = gnu99;
				GCC_DYNAMIC_NO_PIC = NO;
				GCC_OPTIMIZATION_LEVEL = 0;
				GCC_PREPROCESSOR_DEFINITIONS = (
					"DEBUG=1",
					"$(inherited)",
				);
				GCC_SYMBOLS_PRIVATE_EXTERN = NO;
				GCC_WARN_64_TO_32_BIT_CONVERSION = YES;
				GCC_WARN_ABOUT_RETURN_TYPE = YES_ERROR;
				GCC_WARN_UNDECLARED_SELECTOR = YES;
				GCC_WARN_UNINITIALIZED_AUTOS = YES_AGGRESSIVE;
				GCC_WARN_UNUSED_FUNCTION = YES;
				GCC_WARN_UNUSED_VARIABLE = YES;
				IPHONEOS_DEPLOYMENT_TARGET = 8.1;
				MTL_ENABLE_DEBUG_INFO = YES;
				ONLY_ACTIVE_ARCH = YES;
				SDKROOT = iphoneos;
				SWIFT_OPTIMIZATION_LEVEL = "-Onone";
			};
			name = Debug;
		};
		848AC0C31AF0F9A900A215AB /* Release */ = {
			isa = XCBuildConfiguration;
			buildSettings = {
				ALWAYS_SEARCH_USER_PATHS = NO;
				CLANG_CXX_LANGUAGE_STANDARD = "gnu++0x";
				CLANG_CXX_LIBRARY = "libc++";
				CLANG_ENABLE_MODULES = YES;
				CLANG_ENABLE_OBJC_ARC = YES;
				CLANG_WARN_BOOL_CONVERSION = YES;
				CLANG_WARN_CONSTANT_CONVERSION = YES;
				CLANG_WARN_DIRECT_OBJC_ISA_USAGE = YES_ERROR;
				CLANG_WARN_EMPTY_BODY = YES;
				CLANG_WARN_ENUM_CONVERSION = YES;
				CLANG_WARN_INT_CONVERSION = YES;
				CLANG_WARN_OBJC_ROOT_CLASS = YES_ERROR;
				CLANG_WARN_UNREACHABLE_CODE = YES;
				CLANG_WARN__DUPLICATE_METHOD_MATCH = YES;
				"CODE_SIGN_IDENTITY[sdk=iphoneos*]" = "iPhone Developer";
				COPY_PHASE_STRIP = YES;
				ENABLE_NS_ASSERTIONS = NO;
				ENABLE_STRICT_OBJC_MSGSEND = YES;
				GCC_C_LANGUAGE_STANDARD = gnu99;
				GCC_WARN_64_TO_32_BIT_CONVERSION = YES;
				GCC_WARN_ABOUT_RETURN_TYPE = YES_ERROR;
				GCC_WARN_UNDECLARED_SELECTOR = YES;
				GCC_WARN_UNINITIALIZED_AUTOS = YES_AGGRESSIVE;
				GCC_WARN_UNUSED_FUNCTION = YES;
				GCC_WARN_UNUSED_VARIABLE = YES;
				IPHONEOS_DEPLOYMENT_TARGET = 8.1;
				MTL_ENABLE_DEBUG_INFO = NO;
				SDKROOT = iphoneos;
				VALIDATE_PRODUCT = YES;
			};
			name = Release;
		};
		848AC0C51AF0F9A900A215AB /* Debug */ = {
			isa = XCBuildConfiguration;
			buildSettings = {
				ASSETCATALOG_COMPILER_APPICON_NAME = AppIcon;
				INFOPLIST_FILE = ProductPurchaseAppSwift/Info.plist;
				LD_RUNPATH_SEARCH_PATHS = "$(inherited) @executable_path/Frameworks";
				PRODUCT_NAME = "$(TARGET_NAME)";
			};
			name = Debug;
		};
		848AC0C61AF0F9A900A215AB /* Release */ = {
			isa = XCBuildConfiguration;
			buildSettings = {
				ASSETCATALOG_COMPILER_APPICON_NAME = AppIcon;
				INFOPLIST_FILE = ProductPurchaseAppSwift/Info.plist;
				LD_RUNPATH_SEARCH_PATHS = "$(inherited) @executable_path/Frameworks";
				PRODUCT_NAME = "$(TARGET_NAME)";
			};
			name = Release;
		};
		848AC0C81AF0F9A900A215AB /* Debug */ = {
			isa = XCBuildConfiguration;
			buildSettings = {
				BUNDLE_LOADER = "$(TEST_HOST)";
				FRAMEWORK_SEARCH_PATHS = (
					"$(SDKROOT)/Developer/Library/Frameworks",
					"$(inherited)",
				);
				GCC_PREPROCESSOR_DEFINITIONS = (
					"DEBUG=1",
					"$(inherited)",
				);
				INFOPLIST_FILE = ProductPurchaseAppSwiftTests/Info.plist;
				LD_RUNPATH_SEARCH_PATHS = "$(inherited) @executable_path/Frameworks @loader_path/Frameworks";
				PRODUCT_NAME = "$(TARGET_NAME)";
				TEST_HOST = "$(BUILT_PRODUCTS_DIR)/ProductPurchaseAppSwift.app/ProductPurchaseAppSwift";
			};
			name = Debug;
		};
		848AC0C91AF0F9A900A215AB /* Release */ = {
			isa = XCBuildConfiguration;
			buildSettings = {
				BUNDLE_LOADER = "$(TEST_HOST)";
				FRAMEWORK_SEARCH_PATHS = (
					"$(SDKROOT)/Developer/Library/Frameworks",
					"$(inherited)",
				);
				INFOPLIST_FILE = ProductPurchaseAppSwiftTests/Info.plist;
				LD_RUNPATH_SEARCH_PATHS = "$(inherited) @executable_path/Frameworks @loader_path/Frameworks";
				PRODUCT_NAME = "$(TARGET_NAME)";
				TEST_HOST = "$(BUILT_PRODUCTS_DIR)/ProductPurchaseAppSwift.app/ProductPurchaseAppSwift";
			};
			name = Release;
		};
/* End XCBuildConfiguration section */

/* Begin XCConfigurationList section */
		848AC0A01AF0F9A900A215AB /* Build configuration list for PBXProject "ProductPurchaseAppSwift" */ = {
			isa = XCConfigurationList;
			buildConfigurations = (
				848AC0C21AF0F9A900A215AB /* Debug */,
				848AC0C31AF0F9A900A215AB /* Release */,
			);
			defaultConfigurationIsVisible = 0;
			defaultConfigurationName = Release;
		};
		848AC0C41AF0F9A900A215AB /* Build configuration list for PBXNativeTarget "ProductPurchaseAppSwift" */ = {
			isa = XCConfigurationList;
			buildConfigurations = (
				848AC0C51AF0F9A900A215AB /* Debug */,
				848AC0C61AF0F9A900A215AB /* Release */,
			);
			defaultConfigurationIsVisible = 0;
		};
		848AC0C71AF0F9A900A215AB /* Build configuration list for PBXNativeTarget "ProductPurchaseAppSwiftTests" */ = {
			isa = XCConfigurationList;
			buildConfigurations = (
				848AC0C81AF0F9A900A215AB /* Debug */,
				848AC0C91AF0F9A900A215AB /* Release */,
			);
			defaultConfigurationIsVisible = 0;
		};
/* End XCConfigurationList section */
	};
	rootObject = 848AC09D1AF0F9A900A215AB /* Project object */;
}
